
Microsoft Visual Studio Solution File, Format Version 12.00
# Visual Studio Version 17
VisualStudioVersion = 17.7.34024.191
MinimumVisualStudioVersion = 10.0.40219.1
Project("{FAE04EC0-301F-11D3-BF4B-00C04F79EFBC}") = "uppgift 2.1", "uppgift 2.1\uppgift 2.1.csproj", "{EE16BFC0-0C57-427F-8B17-E1F5424DF5F8}"
EndProject
Global
	GlobalSection(SolutionConfigurationPlatforms) = preSolution
		Debug|Any CPU = Debug|Any CPU
		Release|Any CPU = Release|Any CPU
	EndGlobalSection
	GlobalSection(ProjectConfigurationPlatforms) = postSolution
		{EE16BFC0-0C57-427F-8B17-E1F5424DF5F8}.Debug|Any CPU.ActiveCfg = Debug|Any CPU
		{EE16BFC0-0C57-427F-8B17-E1F5424DF5F8}.Debug|Any CPU.Build.0 = Debug|Any CPU
		{EE16BFC0-0C57-427F-8B17-E1F5424DF5F8}.Release|Any CPU.ActiveCfg = Release|Any CPU
		{EE16BFC0-0C57-427F-8B17-E1F5424DF5F8}.Release|Any CPU.Build.0 = Release|Any CPU
	EndGlobalSection
	GlobalSection(SolutionProperties) = preSolution
		HideSolutionNode = FALSE
	EndGlobalSection
	GlobalSection(ExtensibilityGlobals) = postSolution
		SolutionGuid = {892B2986-523F-46D3-8DF3-48E39478554A}
	EndGlobalSection
EndGlobal
